{
  "version": 4,
  "terraform_version": "1.9.8",
  "serial": 7,
  "lineage": "476f6062-968a-b440-db0b-c2c173ac91c7",
  "outputs": {
    "bigquery_table": {
      "value": null,
      "type": "string"
    },
    "pubsub_subscription": {
      "value": "cue-playout-subscription",
      "type": "string"
    }
  },
  "resources": [
    {
      "mode": "data",
      "type": "google_pubsub_topic",
      "name": "playout_topic",
      "provider": "provider[\"registry.terraform.io/hashicorp/google\"]",
      "instances": [
        {
          "schema_version": 0,
          "attributes": {
            "effective_labels": {
              "environment": "prod",
              "managed-by": "terraform",
              "owner": "spark"
            },
            "id": "projects/fmg-regio-data-as/topics/data-spark-article-playout",
            "ingestion_data_source_settings": [],
            "kms_key_name": "",
            "labels": {
              "environment": "prod",
              "managed-by": "terraform",
              "owner": "spark"
            },
            "message_retention_duration": "604800s",
            "message_storage_policy": [],
            "name": "data-spark-article-playout",
            "project": "fmg-regio-data-as",
            "schema_settings": [],
            "terraform_labels": {
              "environment": "prod",
              "managed-by": "terraform",
              "owner": "spark"
            }
          },
          "sensitive_attributes": []
        }
      ]
    },
    {
      "mode": "managed",
      "type": "google_bigquery_dataset",
      "name": "psh_source",
      "provider": "provider[\"registry.terraform.io/hashicorp/google\"]",
      "instances": [
        {
          "schema_version": 0,
          "attributes": {
            "access": [
              {
                "dataset": [],
                "domain": "",
                "group_by_email": "",
                "iam_member": "",
                "role": "OWNER",
                "routine": [],
                "special_group": "",
                "user_by_email": "pavlo.shvetsov@funkemedien.de",
                "view": []
              },
              {
                "dataset": [],
                "domain": "",
                "group_by_email": "",
                "iam_member": "",
                "role": "OWNER",
                "routine": [],
                "special_group": "projectOwners",
                "user_by_email": "",
                "view": []
              },
              {
                "dataset": [],
                "domain": "",
                "group_by_email": "",
                "iam_member": "",
                "role": "READER",
                "routine": [],
                "special_group": "projectReaders",
                "user_by_email": "",
                "view": []
              },
              {
                "dataset": [],
                "domain": "",
                "group_by_email": "",
                "iam_member": "",
                "role": "WRITER",
                "routine": [],
                "special_group": "projectWriters",
                "user_by_email": "",
                "view": []
              }
            ],
            "creation_time": 1730462771011,
            "dataset_id": "dev_psh_source",
            "default_collation": "",
            "default_encryption_configuration": [],
            "default_partition_expiration_ms": 0,
            "default_table_expiration_ms": 0,
            "delete_contents_on_destroy": false,
            "description": "",
            "effective_labels": {},
            "etag": "eytRWjUnYhS091oBBJkkUQ==",
            "external_dataset_reference": [],
            "friendly_name": "",
            "id": "projects/fmg-regio-data-as/datasets/dev_psh_source",
            "is_case_insensitive": false,
            "labels": {},
            "last_modified_time": 1730462771011,
            "location": "EU",
            "max_time_travel_hours": "168",
            "project": "fmg-regio-data-as",
            "resource_tags": {},
            "self_link": "https://bigquery.googleapis.com/bigquery/v2/projects/fmg-regio-data-as/datasets/dev_psh_source",
            "storage_billing_model": "",
            "terraform_labels": {},
            "timeouts": null
          },
          "sensitive_attributes": [],
          "private": "eyJlMmJmYjczMC1lY2FhLTExZTYtOGY4OC0zNDM2M2JjN2M0YzAiOnsiY3JlYXRlIjoxMjAwMDAwMDAwMDAwLCJkZWxldGUiOjEyMDAwMDAwMDAwMDAsInVwZGF0ZSI6MTIwMDAwMDAwMDAwMH0sInNjaGVtYV92ZXJzaW9uIjoiMCJ9"
        }
      ]
    },
    {
      "mode": "managed",
      "type": "google_pubsub_subscription",
      "name": "cue_playout_subscription",
      "provider": "provider[\"registry.terraform.io/hashicorp/google\"]",
      "instances": [
        {
          "schema_version": 0,
          "attributes": {
            "ack_deadline_seconds": 600,
            "bigquery_config": [],
            "cloud_storage_config": [],
            "dead_letter_policy": [],
            "effective_labels": {},
            "enable_exactly_once_delivery": true,
            "enable_message_ordering": false,
            "expiration_policy": [
              {
                "ttl": "2678400s"
              }
            ],
            "filter": "",
            "id": "projects/fmg-regio-data-as/subscriptions/cue-playout-subscription",
            "labels": {},
            "message_retention_duration": "4200s",
            "name": "cue-playout-subscription",
            "project": "fmg-regio-data-as",
            "push_config": [],
            "retain_acked_messages": false,
            "retry_policy": [],
            "terraform_labels": {},
            "timeouts": null,
            "topic": "projects/fmg-regio-data-as/topics/data-spark-article-playout"
          },
          "sensitive_attributes": [],
          "private": "eyJlMmJmYjczMC1lY2FhLTExZTYtOGY4OC0zNDM2M2JjN2M0YzAiOnsiY3JlYXRlIjoxMjAwMDAwMDAwMDAwLCJkZWxldGUiOjEyMDAwMDAwMDAwMDAsInVwZGF0ZSI6MTIwMDAwMDAwMDAwMH0sInNjaGVtYV92ZXJzaW9uIjoiMCJ9",
          "dependencies": [
            "data.google_pubsub_topic.playout_topic"
          ]
        }
      ]
    }
  ],
  "check_results": null
}
